{
  "requires": true,
  "lockfileVersion": 1,
  "dependencies": {
    "@uirouter/core": {
      "version": "6.0.4",
      "resolved": "https://registry.npmjs.org/@uirouter/core/-/core-6.0.4.tgz",
      "integrity": "sha512-TQ9XOzZY+jmWKkU4993MAEBIy7Bs3kijDzj+A6RHR8gq/3UoQm3Q/l1igfao5GZyBjid7eRVeipPK14ovCYQ3g=="
    },
    "sweetalert2": {
      "version": "9.10.6",
      "resolved": "https://registry.npmjs.org/sweetalert2/-/sweetalert2-9.10.6.tgz",
      "integrity": "sha512-++Vhmr3IRG9Ufaow7ad8QckEEINmA4bSNAW5dLTdC3jx1DdjyceVAoSfVzuOQgLQ0kQXQpiQqSwhQjVEroPHRQ=="
    }
  }
}
